// !$*UTF8*$!
{
	archiveVersion = 1;
	classes = {
	};
	objectVersion = 56;
	objects = {

/* Begin PBXBuildFile section */
		3C6CEF932C8A049600EB0730 /* AviasalesAssignmentApp.swift in Sources */ = {isa = PBXBuildFile; fileRef = 3C6CEF922C8A049600EB0730 /* AviasalesAssignmentApp.swift */; };
		3C6CEF972C8A049900EB0730 /* Assets.xcassets in Resources */ = {isa = PBXBuildFile; fileRef = 3C6CEF962C8A049900EB0730 /* Assets.xcassets */; };
		3C6CEF9A2C8A049900EB0730 /* Preview Assets.xcassets in Resources */ = {isa = PBXBuildFile; fileRef = 3C6CEF992C8A049900EB0730 /* Preview Assets.xcassets */; };
		3C6CEFA52C8B108100EB0730 /* NetworkError.swift in Sources */ = {isa = PBXBuildFile; fileRef = 3C6CEFA42C8B108100EB0730 /* NetworkError.swift */; };
		3C6CEFA72C8B116600EB0730 /* HTTPMethod.swift in Sources */ = {isa = PBXBuildFile; fileRef = 3C6CEFA62C8B116600EB0730 /* HTTPMethod.swift */; };
		3C6CEFA92C8B11AE00EB0730 /* Endpoint.swift in Sources */ = {isa = PBXBuildFile; fileRef = 3C6CEFA82C8B11AE00EB0730 /* Endpoint.swift */; };
		3C6CEFAB2C8B137300EB0730 /* NetworkManager.swift in Sources */ = {isa = PBXBuildFile; fileRef = 3C6CEFAA2C8B137300EB0730 /* NetworkManager.swift */; };
		3C6CEFAE2C8B1F7F00EB0730 /* SearchResponse.swift in Sources */ = {isa = PBXBuildFile; fileRef = 3C6CEFAD2C8B1F7F00EB0730 /* SearchResponse.swift */; };
		3C6CEFB02C8B20E200EB0730 /* City.swift in Sources */ = {isa = PBXBuildFile; fileRef = 3C6CEFAF2C8B20E200EB0730 /* City.swift */; };
		3C6CEFB22C8B20F200EB0730 /* FlightResult.swift in Sources */ = {isa = PBXBuildFile; fileRef = 3C6CEFB12C8B20F200EB0730 /* FlightResult.swift */; };
		3C6CEFB42C8B20FB00EB0730 /* Price.swift in Sources */ = {isa = PBXBuildFile; fileRef = 3C6CEFB32C8B20FB00EB0730 /* Price.swift */; };
		3C6CEFB82C8B22D600EB0730 /* FlightSearchEndpoint.swift in Sources */ = {isa = PBXBuildFile; fileRef = 3C6CEFB72C8B22D600EB0730 /* FlightSearchEndpoint.swift */; };
		3C6CEFBC2C8B282A00EB0730 /* FlightListView.swift in Sources */ = {isa = PBXBuildFile; fileRef = 3C6CEFBB2C8B282A00EB0730 /* FlightListView.swift */; };
		3C6CEFBF2C8B293C00EB0730 /* FlightCard.swift in Sources */ = {isa = PBXBuildFile; fileRef = 3C6CEFBE2C8B293C00EB0730 /* FlightCard.swift */; };
		3C6CEFC12C8B294D00EB0730 /* FlightListViewModel.swift in Sources */ = {isa = PBXBuildFile; fileRef = 3C6CEFC02C8B294D00EB0730 /* FlightListViewModel.swift */; };
		3C6CEFCA2C8B694D00EB0730 /* Date+Formatting.swift in Sources */ = {isa = PBXBuildFile; fileRef = 3C6CEFC92C8B694D00EB0730 /* Date+Formatting.swift */; };
		3C6CEFCE2C8B74E300EB0730 /* ItineraryRow.swift in Sources */ = {isa = PBXBuildFile; fileRef = 3C6CEFCD2C8B74E200EB0730 /* ItineraryRow.swift */; };
		3C6CEFD62C8BB4E400EB0730 /* AppColor.swift in Sources */ = {isa = PBXBuildFile; fileRef = 3C6CEFD52C8BB4E400EB0730 /* AppColor.swift */; };
		3C6CEFD82C8BB52B00EB0730 /* AppFont.swift in Sources */ = {isa = PBXBuildFile; fileRef = 3C6CEFD72C8BB52B00EB0730 /* AppFont.swift */; };
		3C6CEFDA2C8BB77600EB0730 /* AppIcon.swift in Sources */ = {isa = PBXBuildFile; fileRef = 3C6CEFD92C8BB77600EB0730 /* AppIcon.swift */; };
		3C6CEFDC2C8C499900EB0730 /* Badge.swift in Sources */ = {isa = PBXBuildFile; fileRef = 3C6CEFDB2C8C499900EB0730 /* Badge.swift */; };
/* End PBXBuildFile section */

/* Begin PBXFileReference section */
		3C6CEF8F2C8A049600EB0730 /* AviasalesAssignment.app */ = {isa = PBXFileReference; explicitFileType = wrapper.application; includeInIndex = 0; path = AviasalesAssignment.app; sourceTree = BUILT_PRODUCTS_DIR; };
		3C6CEF922C8A049600EB0730 /* AviasalesAssignmentApp.swift */ = {isa = PBXFileReference; lastKnownFileType = sourcecode.swift; path = AviasalesAssignmentApp.swift; sourceTree = "<group>"; };
		3C6CEF962C8A049900EB0730 /* Assets.xcassets */ = {isa = PBXFileReference; lastKnownFileType = folder.assetcatalog; path = Assets.xcassets; sourceTree = "<group>"; };
		3C6CEF992C8A049900EB0730 /* Preview Assets.xcassets */ = {isa = PBXFileReference; lastKnownFileType = folder.assetcatalog; path = "Preview Assets.xcassets"; sourceTree = "<group>"; };
		3C6CEFA42C8B108100EB0730 /* NetworkError.swift */ = {isa = PBXFileReference; lastKnownFileType = sourcecode.swift; path = NetworkError.swift; sourceTree = "<group>"; };
		3C6CEFA62C8B116600EB0730 /* HTTPMethod.swift */ = {isa = PBXFileReference; lastKnownFileType = sourcecode.swift; path = HTTPMethod.swift; sourceTree = "<group>"; };
		3C6CEFA82C8B11AE00EB0730 /* Endpoint.swift */ = {isa = PBXFileReference; lastKnownFileType = sourcecode.swift; path = Endpoint.swift; sourceTree = "<group>"; };
		3C6CEFAA2C8B137300EB0730 /* NetworkManager.swift */ = {isa = PBXFileReference; lastKnownFileType = sourcecode.swift; path = NetworkManager.swift; sourceTree = "<group>"; };
		3C6CEFAD2C8B1F7F00EB0730 /* SearchResponse.swift */ = {isa = PBXFileReference; lastKnownFileType = sourcecode.swift; path = SearchResponse.swift; sourceTree = "<group>"; };
		3C6CEFAF2C8B20E200EB0730 /* City.swift */ = {isa = PBXFileReference; lastKnownFileType = sourcecode.swift; path = City.swift; sourceTree = "<group>"; };
		3C6CEFB12C8B20F200EB0730 /* FlightResult.swift */ = {isa = PBXFileReference; lastKnownFileType = sourcecode.swift; path = FlightResult.swift; sourceTree = "<group>"; };
		3C6CEFB32C8B20FB00EB0730 /* Price.swift */ = {isa = PBXFileReference; lastKnownFileType = sourcecode.swift; path = Price.swift; sourceTree = "<group>"; };
		3C6CEFB72C8B22D600EB0730 /* FlightSearchEndpoint.swift */ = {isa = PBXFileReference; lastKnownFileType = sourcecode.swift; path = FlightSearchEndpoint.swift; sourceTree = "<group>"; };
		3C6CEFBB2C8B282A00EB0730 /* FlightListView.swift */ = {isa = PBXFileReference; lastKnownFileType = sourcecode.swift; path = FlightListView.swift; sourceTree = "<group>"; };
		3C6CEFBE2C8B293C00EB0730 /* FlightCard.swift */ = {isa = PBXFileReference; lastKnownFileType = sourcecode.swift; path = FlightCard.swift; sourceTree = "<group>"; };
		3C6CEFC02C8B294D00EB0730 /* FlightListViewModel.swift */ = {isa = PBXFileReference; lastKnownFileType = sourcecode.swift; path = FlightListViewModel.swift; sourceTree = "<group>"; };
		3C6CEFC42C8B42A000EB0730 /* .gitignore */ = {isa = PBXFileReference; lastKnownFileType = text; path = .gitignore; sourceTree = "<group>"; };
		3C6CEFC92C8B694D00EB0730 /* Date+Formatting.swift */ = {isa = PBXFileReference; lastKnownFileType = sourcecode.swift; path = "Date+Formatting.swift"; sourceTree = "<group>"; };
		3C6CEFCD2C8B74E200EB0730 /* ItineraryRow.swift */ = {isa = PBXFileReference; lastKnownFileType = sourcecode.swift; path = ItineraryRow.swift; sourceTree = "<group>"; };
		3C6CEFD52C8BB4E400EB0730 /* AppColor.swift */ = {isa = PBXFileReference; lastKnownFileType = sourcecode.swift; path = AppColor.swift; sourceTree = "<group>"; };
		3C6CEFD72C8BB52B00EB0730 /* AppFont.swift */ = {isa = PBXFileReference; lastKnownFileType = sourcecode.swift; path = AppFont.swift; sourceTree = "<group>"; };
		3C6CEFD92C8BB77600EB0730 /* AppIcon.swift */ = {isa = PBXFileReference; lastKnownFileType = sourcecode.swift; path = AppIcon.swift; sourceTree = "<group>"; };
		3C6CEFDB2C8C499900EB0730 /* Badge.swift */ = {isa = PBXFileReference; lastKnownFileType = sourcecode.swift; path = Badge.swift; sourceTree = "<group>"; };
/* End PBXFileReference section */

/* Begin PBXFrameworksBuildPhase section */
		3C6CEF8C2C8A049600EB0730 /* Frameworks */ = {
			isa = PBXFrameworksBuildPhase;
			buildActionMask = 2147483647;
			files = (
			);
			runOnlyForDeploymentPostprocessing = 0;
		};
/* End PBXFrameworksBuildPhase section */

/* Begin PBXGroup section */
		3C6CEF862C8A049600EB0730 = {
			isa = PBXGroup;
			children = (
				3C6CEF912C8A049600EB0730 /* AviasalesAssignment */,
				3C6CEFC42C8B42A000EB0730 /* .gitignore */,
				3C6CEF902C8A049600EB0730 /* Products */,
			);
			sourceTree = "<group>";
		};
		3C6CEF902C8A049600EB0730 /* Products */ = {
			isa = PBXGroup;
			children = (
				3C6CEF8F2C8A049600EB0730 /* AviasalesAssignment.app */,
			);
			name = Products;
			sourceTree = "<group>";
		};
		3C6CEF912C8A049600EB0730 /* AviasalesAssignment */ = {
			isa = PBXGroup;
			children = (
				3C6CEF922C8A049600EB0730 /* AviasalesAssignmentApp.swift */,
				3C6CEFAC2C8B1F6A00EB0730 /* Model */,
				3C6CEFA02C8A0D7F00EB0730 /* View */,
				3C6CEFB92C8B247600EB0730 /* ViewModel */,
				3C6CEFA32C8B106700EB0730 /* Network */,
				3C6CEFC52C8B50D800EB0730 /* Extensions */,
				3C6CEFBA2C8B249800EB0730 /* Resources */,
			);
			path = AviasalesAssignment;
			sourceTree = "<group>";
		};
		3C6CEF982C8A049900EB0730 /* Preview Content */ = {
			isa = PBXGroup;
			children = (
				3C6CEF992C8A049900EB0730 /* Preview Assets.xcassets */,
			);
			path = "Preview Content";
			sourceTree = "<group>";
		};
		3C6CEFA02C8A0D7F00EB0730 /* View */ = {
			isa = PBXGroup;
			children = (
				3C6CEFBB2C8B282A00EB0730 /* FlightListView.swift */,
				3C6CEFBD2C8B283C00EB0730 /* Components */,
			);
			path = View;
			sourceTree = "<group>";
		};
		3C6CEFA32C8B106700EB0730 /* Network */ = {
			isa = PBXGroup;
			children = (
				3C6CEFAA2C8B137300EB0730 /* NetworkManager.swift */,
				3C6CEFA62C8B116600EB0730 /* HTTPMethod.swift */,
				3C6CEFA42C8B108100EB0730 /* NetworkError.swift */,
				3C6CEFB62C8B22B700EB0730 /* Endpoints */,
			);
			path = Network;
			sourceTree = "<group>";
		};
		3C6CEFAC2C8B1F6A00EB0730 /* Model */ = {
			isa = PBXGroup;
			children = (
				3C6CEFAD2C8B1F7F00EB0730 /* SearchResponse.swift */,
				3C6CEFAF2C8B20E200EB0730 /* City.swift */,
				3C6CEFB12C8B20F200EB0730 /* FlightResult.swift */,
				3C6CEFB32C8B20FB00EB0730 /* Price.swift */,
			);
			path = Model;
			sourceTree = "<group>";
		};
		3C6CEFB62C8B22B700EB0730 /* Endpoints */ = {
			isa = PBXGroup;
			children = (
				3C6CEFA82C8B11AE00EB0730 /* Endpoint.swift */,
				3C6CEFB72C8B22D600EB0730 /* FlightSearchEndpoint.swift */,
			);
			path = Endpoints;
			sourceTree = "<group>";
		};
		3C6CEFB92C8B247600EB0730 /* ViewModel */ = {
			isa = PBXGroup;
			children = (
				3C6CEFC02C8B294D00EB0730 /* FlightListViewModel.swift */,
			);
			path = ViewModel;
			sourceTree = "<group>";
		};
		3C6CEFBA2C8B249800EB0730 /* Resources */ = {
			isa = PBXGroup;
			children = (
				3C6CEFD52C8BB4E400EB0730 /* AppColor.swift */,
				3C6CEFD72C8BB52B00EB0730 /* AppFont.swift */,
				3C6CEFD92C8BB77600EB0730 /* AppIcon.swift */,
				3C6CEF962C8A049900EB0730 /* Assets.xcassets */,
				3C6CEF982C8A049900EB0730 /* Preview Content */,
			);
			path = Resources;
			sourceTree = "<group>";
		};
		3C6CEFBD2C8B283C00EB0730 /* Components */ = {
			isa = PBXGroup;
			children = (
				3C6CEFBE2C8B293C00EB0730 /* FlightCard.swift */,
				3C6CEFCD2C8B74E200EB0730 /* ItineraryRow.swift */,
				3C6CEFDB2C8C499900EB0730 /* Badge.swift */,
			);
			path = Components;
			sourceTree = "<group>";
		};
		3C6CEFC52C8B50D800EB0730 /* Extensions */ = {
			isa = PBXGroup;
			children = (
				3C6CEFC92C8B694D00EB0730 /* Date+Formatting.swift */,
			);
			path = Extensions;
			sourceTree = "<group>";
		};
/* End PBXGroup section */

/* Begin PBXNativeTarget section */
		3C6CEF8E2C8A049600EB0730 /* AviasalesAssignment */ = {
			isa = PBXNativeTarget;
			buildConfigurationList = 3C6CEF9D2C8A049900EB0730 /* Build configuration list for PBXNativeTarget "AviasalesAssignment" */;
			buildPhases = (
				3C6CEF8B2C8A049600EB0730 /* Sources */,
				3C6CEF8C2C8A049600EB0730 /* Frameworks */,
				3C6CEF8D2C8A049600EB0730 /* Resources */,
			);
			buildRules = (
			);
			dependencies = (
			);
			name = AviasalesAssignment;
			productName = AviasalesAssignment;
			productReference = 3C6CEF8F2C8A049600EB0730 /* AviasalesAssignment.app */;
			productType = "com.apple.product-type.application";
		};
/* End PBXNativeTarget section */

/* Begin PBXProject section */
		3C6CEF872C8A049600EB0730 /* Project object */ = {
			isa = PBXProject;
			attributes = {
				BuildIndependentTargetsInParallel = 1;
				LastSwiftUpdateCheck = 1540;
				LastUpgradeCheck = 1540;
				TargetAttributes = {
					3C6CEF8E2C8A049600EB0730 = {
						CreatedOnToolsVersion = 15.4;
					};
				};
			};
			buildConfigurationList = 3C6CEF8A2C8A049600EB0730 /* Build configuration list for PBXProject "AviasalesAssignment" */;
			compatibilityVersion = "Xcode 14.0";
			developmentRegion = en;
			hasScannedForEncodings = 0;
			knownRegions = (
				en,
				Base,
			);
			mainGroup = 3C6CEF862C8A049600EB0730;
			productRefGroup = 3C6CEF902C8A049600EB0730 /* Products */;
			projectDirPath = "";
			projectRoot = "";
			targets = (
				3C6CEF8E2C8A049600EB0730 /* AviasalesAssignment */,
			);
		};
/* End PBXProject section */

/* Begin PBXResourcesBuildPhase section */
		3C6CEF8D2C8A049600EB0730 /* Resources */ = {
			isa = PBXResourcesBuildPhase;
			buildActionMask = 2147483647;
			files = (
				3C6CEF9A2C8A049900EB0730 /* Preview Assets.xcassets in Resources */,
				3C6CEF972C8A049900EB0730 /* Assets.xcassets in Resources */,
			);
			runOnlyForDeploymentPostprocessing = 0;
		};
/* End PBXResourcesBuildPhase section */

/* Begin PBXSourcesBuildPhase section */
		3C6CEF8B2C8A049600EB0730 /* Sources */ = {
			isa = PBXSourcesBuildPhase;
			buildActionMask = 2147483647;
			files = (
				3C6CEFAE2C8B1F7F00EB0730 /* SearchResponse.swift in Sources */,
				3C6CEFAB2C8B137300EB0730 /* NetworkManager.swift in Sources */,
				3C6CEFDA2C8BB77600EB0730 /* AppIcon.swift in Sources */,
				3C6CEFA72C8B116600EB0730 /* HTTPMethod.swift in Sources */,
				3C6CEFBF2C8B293C00EB0730 /* FlightCard.swift in Sources */,
				3C6CEFC12C8B294D00EB0730 /* FlightListViewModel.swift in Sources */,
				3C6CEFB82C8B22D600EB0730 /* FlightSearchEndpoint.swift in Sources */,
				3C6CEFB42C8B20FB00EB0730 /* Price.swift in Sources */,
				3C6CEFA52C8B108100EB0730 /* NetworkError.swift in Sources */,
				3C6CEFCA2C8B694D00EB0730 /* Date+Formatting.swift in Sources */,
				3C6CEFD62C8BB4E400EB0730 /* AppColor.swift in Sources */,
				3C6CEFCE2C8B74E300EB0730 /* ItineraryRow.swift in Sources */,
				3C6CEFB22C8B20F200EB0730 /* FlightResult.swift in Sources */,
				3C6CEFBC2C8B282A00EB0730 /* FlightListView.swift in Sources */,
				3C6CEFD82C8BB52B00EB0730 /* AppFont.swift in Sources */,
				3C6CEF932C8A049600EB0730 /* AviasalesAssignmentApp.swift in Sources */,
				3C6CEFB02C8B20E200EB0730 /* City.swift in Sources */,
				3C6CEFA92C8B11AE00EB0730 /* Endpoint.swift in Sources */,
				3C6CEFDC2C8C499900EB0730 /* Badge.swift in Sources */,
			);
			runOnlyForDeploymentPostprocessing = 0;
		};
/* End PBXSourcesBuildPhase section */

/* Begin XCBuildConfiguration section */
		3C6CEF9B2C8A049900EB0730 /* Debug */ = {
			isa = XCBuildConfiguration;
			buildSettings = {
				ALWAYS_SEARCH_USER_PATHS = NO;
				ASSETCATALOG_COMPILER_GENERATE_SWIFT_ASSET_SYMBOL_EXTENSIONS = YES;
				CLANG_ANALYZER_NONNULL = YES;
				CLANG_ANALYZER_NUMBER_OBJECT_CONVERSION = YES_AGGRESSIVE;
				CLANG_CXX_LANGUAGE_STANDARD = "gnu++20";
				CLANG_ENABLE_MODULES = YES;
				CLANG_ENABLE_OBJC_ARC = YES;
				CLANG_ENABLE_OBJC_WEAK = YES;
				CLANG_WARN_BLOCK_CAPTURE_AUTORELEASING = YES;
				CLANG_WARN_BOOL_CONVERSION = YES;
				CLANG_WARN_COMMA = YES;
				CLANG_WARN_CONSTANT_CONVERSION = YES;
				CLANG_WARN_DEPRECATED_OBJC_IMPLEMENTATIONS = YES;
				CLANG_WARN_DIRECT_OBJC_ISA_USAGE = YES_ERROR;
				CLANG_WARN_DOCUMENTATION_COMMENTS = YES;
				CLANG_WARN_EMPTY_BODY = YES;
				CLANG_WARN_ENUM_CONVERSION = YES;
				CLANG_WARN_INFINITE_RECURSION = YES;
				CLANG_WARN_INT_CONVERSION = YES;
				CLANG_WARN_NON_LITERAL_NULL_CONVERSION = YES;
				CLANG_WARN_OBJC_IMPLICIT_RETAIN_SELF = YES;
				CLANG_WARN_OBJC_LITERAL_CONVERSION = YES;
				CLANG_WARN_OBJC_ROOT_CLASS = YES_ERROR;
				CLANG_WARN_QUOTED_INCLUDE_IN_FRAMEWORK_HEADER = YES;
				CLANG_WARN_RANGE_LOOP_ANALYSIS = YES;
				CLANG_WARN_STRICT_PROTOTYPES = YES;
				CLANG_WARN_SUSPICIOUS_MOVE = YES;
				CLANG_WARN_UNGUARDED_AVAILABILITY = YES_AGGRESSIVE;
				CLANG_WARN_UNREACHABLE_CODE = YES;
				CLANG_WARN__DUPLICATE_METHOD_MATCH = YES;
				COPY_PHASE_STRIP = NO;
				DEBUG_INFORMATION_FORMAT = dwarf;
				ENABLE_STRICT_OBJC_MSGSEND = YES;
				ENABLE_TESTABILITY = YES;
				ENABLE_USER_SCRIPT_SANDBOXING = YES;
				GCC_C_LANGUAGE_STANDARD = gnu17;
				GCC_DYNAMIC_NO_PIC = NO;
				GCC_NO_COMMON_BLOCKS = YES;
				GCC_OPTIMIZATION_LEVEL = 0;
				GCC_PREPROCESSOR_DEFINITIONS = (
					"DEBUG=1",
					"$(inherited)",
				);
				GCC_WARN_64_TO_32_BIT_CONVERSION = YES;
				GCC_WARN_ABOUT_RETURN_TYPE = YES_ERROR;
				GCC_WARN_UNDECLARED_SELECTOR = YES;
				GCC_WARN_UNINITIALIZED_AUTOS = YES_AGGRESSIVE;
				GCC_WARN_UNUSED_FUNCTION = YES;
				GCC_WARN_UNUSED_VARIABLE = YES;
				IPHONEOS_DEPLOYMENT_TARGET = 16.0;
				LOCALIZATION_PREFERS_STRING_CATALOGS = YES;
				MTL_ENABLE_DEBUG_INFO = INCLUDE_SOURCE;
				MTL_FAST_MATH = YES;
				ONLY_ACTIVE_ARCH = YES;
				SDKROOT = iphoneos;
				SWIFT_ACTIVE_COMPILATION_CONDITIONS = "DEBUG $(inherited)";
				SWIFT_OPTIMIZATION_LEVEL = "-Onone";
			};
			name = Debug;
		};
		3C6CEF9C2C8A049900EB0730 /* Release */ = {
			isa = XCBuildConfiguration;
			buildSettings = {
				ALWAYS_SEARCH_USER_PATHS = NO;
				ASSETCATALOG_COMPILER_GENERATE_SWIFT_ASSET_SYMBOL_EXTENSIONS = YES;
				CLANG_ANALYZER_NONNULL = YES;
				CLANG_ANALYZER_NUMBER_OBJECT_CONVERSION = YES_AGGRESSIVE;
				CLANG_CXX_LANGUAGE_STANDARD = "gnu++20";
				CLANG_ENABLE_MODULES = YES;
				CLANG_ENABLE_OBJC_ARC = YES;
				CLANG_ENABLE_OBJC_WEAK = YES;
				CLANG_WARN_BLOCK_CAPTURE_AUTORELEASING = YES;
				CLANG_WARN_BOOL_CONVERSION = YES;
				CLANG_WARN_COMMA = YES;
				CLANG_WARN_CONSTANT_CONVERSION = YES;
				CLANG_WARN_DEPRECATED_OBJC_IMPLEMENTATIONS = YES;
				CLANG_WARN_DIRECT_OBJC_ISA_USAGE = YES_ERROR;
				CLANG_WARN_DOCUMENTATION_COMMENTS = YES;
				CLANG_WARN_EMPTY_BODY = YES;
				CLANG_WARN_ENUM_CONVERSION = YES;
				CLANG_WARN_INFINITE_RECURSION = YES;
				CLANG_WARN_INT_CONVERSION = YES;
				CLANG_WARN_NON_LITERAL_NULL_CONVERSION = YES;
				CLANG_WARN_OBJC_IMPLICIT_RETAIN_SELF = YES;
				CLANG_WARN_OBJC_LITERAL_CONVERSION = YES;
				CLANG_WARN_OBJC_ROOT_CLASS = YES_ERROR;
				CLANG_WARN_QUOTED_INCLUDE_IN_FRAMEWORK_HEADER = YES;
				CLANG_WARN_RANGE_LOOP_ANALYSIS = YES;
				CLANG_WARN_STRICT_PROTOTYPES = YES;
				CLANG_WARN_SUSPICIOUS_MOVE = YES;
				CLANG_WARN_UNGUARDED_AVAILABILITY = YES_AGGRESSIVE;
				CLANG_WARN_UNREACHABLE_CODE = YES;
				CLANG_WARN__DUPLICATE_METHOD_MATCH = YES;
				COPY_PHASE_STRIP = NO;
				DEBUG_INFORMATION_FORMAT = "dwarf-with-dsym";
				ENABLE_NS_ASSERTIONS = NO;
				ENABLE_STRICT_OBJC_MSGSEND = YES;
				ENABLE_USER_SCRIPT_SANDBOXING = YES;
				GCC_C_LANGUAGE_STANDARD = gnu17;
				GCC_NO_COMMON_BLOCKS = YES;
				GCC_WARN_64_TO_32_BIT_CONVERSION = YES;
				GCC_WARN_ABOUT_RETURN_TYPE = YES_ERROR;
				GCC_WARN_UNDECLARED_SELECTOR = YES;
				GCC_WARN_UNINITIALIZED_AUTOS = YES_AGGRESSIVE;
				GCC_WARN_UNUSED_FUNCTION = YES;
				GCC_WARN_UNUSED_VARIABLE = YES;
				IPHONEOS_DEPLOYMENT_TARGET = 16.0;
				LOCALIZATION_PREFERS_STRING_CATALOGS = YES;
				MTL_ENABLE_DEBUG_INFO = NO;
				MTL_FAST_MATH = YES;
				SDKROOT = iphoneos;
				SWIFT_COMPILATION_MODE = wholemodule;
				VALIDATE_PRODUCT = YES;
			};
			name = Release;
		};
		3C6CEF9E2C8A049900EB0730 /* Debug */ = {
			isa = XCBuildConfiguration;
			buildSettings = {
				ASSETCATALOG_COMPILER_APPICON_NAME = AppIcon;
				ASSETCATALOG_COMPILER_GLOBAL_ACCENT_COLOR_NAME = AccentColor;
				CODE_SIGN_STYLE = Automatic;
				CURRENT_PROJECT_VERSION = 1;
				DEVELOPMENT_ASSET_PATHS = "\"AviasalesAssignment/Resources/Preview Content\"";
				DEVELOPMENT_TEAM = 4766WZNPKP;
				ENABLE_PREVIEWS = YES;
				GENERATE_INFOPLIST_FILE = YES;
				INFOPLIST_KEY_UIApplicationSceneManifest_Generation = YES;
				INFOPLIST_KEY_UIApplicationSupportsIndirectInputEvents = YES;
				INFOPLIST_KEY_UILaunchScreen_Generation = YES;
				INFOPLIST_KEY_UISupportedInterfaceOrientations_iPad = "UIInterfaceOrientationPortrait UIInterfaceOrientationPortraitUpsideDown UIInterfaceOrientationLandscapeLeft UIInterfaceOrientationLandscapeRight";
				INFOPLIST_KEY_UISupportedInterfaceOrientations_iPhone = "UIInterfaceOrientationPortrait UIInterfaceOrientationLandscapeLeft UIInterfaceOrientationLandscapeRight";
				IPHONEOS_DEPLOYMENT_TARGET = 16.0;
				LD_RUNPATH_SEARCH_PATHS = (
					"$(inherited)",
					"@executable_path/Frameworks",
				);
				MARKETING_VERSION = 1.0;
				PRODUCT_BUNDLE_IDENTIFIER = com.danilmasnaviev.AviasalesAssignment;
				PRODUCT_NAME = "$(TARGET_NAME)";
				SWIFT_EMIT_LOC_STRINGS = YES;
				SWIFT_VERSION = 5.0;
				TARGETED_DEVICE_FAMILY = "1,2";
			};
			name = Debug;
		};
		3C6CEF9F2C8A049900EB0730 /* Release */ = {
			isa = XCBuildConfiguration;
			buildSettings = {
				ASSETCATALOG_COMPILER_APPICON_NAME = AppIcon;
				ASSETCATALOG_COMPILER_GLOBAL_ACCENT_COLOR_NAME = AccentColor;
				CODE_SIGN_STYLE = Automatic;
				CURRENT_PROJECT_VERSION = 1;
				DEVELOPMENT_ASSET_PATHS = "\"AviasalesAssignment/Resources/Preview Content\"";
				DEVELOPMENT_TEAM = 4766WZNPKP;
				ENABLE_PREVIEWS = YES;
				GENERATE_INFOPLIST_FILE = YES;
				INFOPLIST_KEY_UIApplicationSceneManifest_Generation = YES;
				INFOPLIST_KEY_UIApplicationSupportsIndirectInputEvents = YES;
				INFOPLIST_KEY_UILaunchScreen_Generation = YES;
				INFOPLIST_KEY_UISupportedInterfaceOrientations_iPad = "UIInterfaceOrientationPortrait UIInterfaceOrientationPortraitUpsideDown UIInterfaceOrientationLandscapeLeft UIInterfaceOrientationLandscapeRight";
				INFOPLIST_KEY_UISupportedInterfaceOrientations_iPhone = "UIInterfaceOrientationPortrait UIInterfaceOrientationLandscapeLeft UIInterfaceOrientationLandscapeRight";
				IPHONEOS_DEPLOYMENT_TARGET = 16.0;
				LD_RUNPATH_SEARCH_PATHS = (
					"$(inherited)",
					"@executable_path/Frameworks",
				);
				MARKETING_VERSION = 1.0;
				PRODUCT_BUNDLE_IDENTIFIER = com.danilmasnaviev.AviasalesAssignment;
				PRODUCT_NAME = "$(TARGET_NAME)";
				SWIFT_EMIT_LOC_STRINGS = YES;
				SWIFT_VERSION = 5.0;
				TARGETED_DEVICE_FAMILY = "1,2";
			};
			name = Release;
		};
/* End XCBuildConfiguration section */

/* Begin XCConfigurationList section */
		3C6CEF8A2C8A049600EB0730 /* Build configuration list for PBXProject "AviasalesAssignment" */ = {
			isa = XCConfigurationList;
			buildConfigurations = (
				3C6CEF9B2C8A049900EB0730 /* Debug */,
				3C6CEF9C2C8A049900EB0730 /* Release */,
			);
			defaultConfigurationIsVisible = 0;
			defaultConfigurationName = Release;
		};
		3C6CEF9D2C8A049900EB0730 /* Build configuration list for PBXNativeTarget "AviasalesAssignment" */ = {
			isa = XCConfigurationList;
			buildConfigurations = (
				3C6CEF9E2C8A049900EB0730 /* Debug */,
				3C6CEF9F2C8A049900EB0730 /* Release */,
			);
			defaultConfigurationIsVisible = 0;
			defaultConfigurationName = Release;
		};
/* End XCConfigurationList section */
	};
	rootObject = 3C6CEF872C8A049600EB0730 /* Project object */;
}
